// !$*UTF8*$!
{
	archiveVersion = 1;
	classes = {
	};
	objectVersion = 56;
	objects = {

/* Begin PBXBuildFile section */
		E92C170929D5B46C004B12C0 /* OnboardingButtonStyle.swift in Sources */ = {isa = PBXBuildFile; fileRef = E92C170829D5B46C004B12C0 /* OnboardingButtonStyle.swift */; };
		E92C170B29D5CB94004B12C0 /* CreateProfileTextfieldStyle.swift in Sources */ = {isa = PBXBuildFile; fileRef = E92C170A29D5CB94004B12C0 /* CreateProfileTextfieldStyle.swift */; };
		E96076AA29D3EBB0006BBC8C /* Chat_AppApp.swift in Sources */ = {isa = PBXBuildFile; fileRef = E96076A929D3EBB0006BBC8C /* Chat_AppApp.swift */; };
		E96076AC29D3EBB0006BBC8C /* RootView.swift in Sources */ = {isa = PBXBuildFile; fileRef = E96076AB29D3EBB0006BBC8C /* RootView.swift */; };
		E96076AE29D3EBB1006BBC8C /* Assets.xcassets in Resources */ = {isa = PBXBuildFile; fileRef = E96076AD29D3EBB1006BBC8C /* Assets.xcassets */; };
		E96076B129D3EBB1006BBC8C /* Preview Assets.xcassets in Resources */ = {isa = PBXBuildFile; fileRef = E96076B029D3EBB1006BBC8C /* Preview Assets.xcassets */; };
		E96076C029D3F4F3006BBC8C /* LexendDeca-SemiBold.ttf in Resources */ = {isa = PBXBuildFile; fileRef = E96076BD29D3F4F3006BBC8C /* LexendDeca-SemiBold.ttf */; };
		E96076C129D3F4F3006BBC8C /* LexendDeca-Regular.ttf in Resources */ = {isa = PBXBuildFile; fileRef = E96076BE29D3F4F3006BBC8C /* LexendDeca-Regular.ttf */; };
		E96076C229D3F4F3006BBC8C /* LexendDeca-Bold.ttf in Resources */ = {isa = PBXBuildFile; fileRef = E96076BF29D3F4F3006BBC8C /* LexendDeca-Bold.ttf */; };
		E96076C529D3F835006BBC8C /* Fonts.swift in Sources */ = {isa = PBXBuildFile; fileRef = E96076C429D3F835006BBC8C /* Fonts.swift */; };
		E96076C829D3FDAB006BBC8C /* CustomTabBar.swift in Sources */ = {isa = PBXBuildFile; fileRef = E96076C729D3FDAB006BBC8C /* CustomTabBar.swift */; };
		E96076CA29D4921A006BBC8C /* TabBarButton.swift in Sources */ = {isa = PBXBuildFile; fileRef = E96076C929D4921A006BBC8C /* TabBarButton.swift */; };
		E96076CC29D49680006BBC8C /* GoogleService-Info.plist in Resources */ = {isa = PBXBuildFile; fileRef = E96076CB29D49680006BBC8C /* GoogleService-Info.plist */; };
		E96076CF29D49816006BBC8C /* FirebaseAuth in Frameworks */ = {isa = PBXBuildFile; productRef = E96076CE29D49816006BBC8C /* FirebaseAuth */; };
		E96076D129D49816006BBC8C /* FirebaseFirestore in Frameworks */ = {isa = PBXBuildFile; productRef = E96076D029D49816006BBC8C /* FirebaseFirestore */; };
		E96076D329D49816006BBC8C /* FirebaseFirestoreSwift in Frameworks */ = {isa = PBXBuildFile; productRef = E96076D229D49816006BBC8C /* FirebaseFirestoreSwift */; };
		E96076D529D49816006BBC8C /* FirebaseStorage in Frameworks */ = {isa = PBXBuildFile; productRef = E96076D429D49816006BBC8C /* FirebaseStorage */; };
		E96076D729D4992D006BBC8C /* AppDelegate.swift in Sources */ = {isa = PBXBuildFile; fileRef = E96076D629D4992D006BBC8C /* AppDelegate.swift */; };
		E96076DA29D4A328006BBC8C /* AuthViewModel.swift in Sources */ = {isa = PBXBuildFile; fileRef = E96076D929D4A328006BBC8C /* AuthViewModel.swift */; };
		E96076DD29D4BB80006BBC8C /* OnboardingContainerView.swift in Sources */ = {isa = PBXBuildFile; fileRef = E96076DC29D4BB80006BBC8C /* OnboardingContainerView.swift */; };
		E96076DF29D4BE8F006BBC8C /* WelcomeView.swift in Sources */ = {isa = PBXBuildFile; fileRef = E96076DE29D4BE8F006BBC8C /* WelcomeView.swift */; };
		E96076E129D4BE9D006BBC8C /* PhoneNumberView.swift in Sources */ = {isa = PBXBuildFile; fileRef = E96076E029D4BE9D006BBC8C /* PhoneNumberView.swift */; };
		E96076E329D4BED3006BBC8C /* VerificationView.swift in Sources */ = {isa = PBXBuildFile; fileRef = E96076E229D4BED3006BBC8C /* VerificationView.swift */; };
		E96076E529D4BEE8006BBC8C /* CreateProfileView.swift in Sources */ = {isa = PBXBuildFile; fileRef = E96076E429D4BEE8006BBC8C /* CreateProfileView.swift */; };
		E96076E729D4BF3A006BBC8C /* SyncContactsView.swift in Sources */ = {isa = PBXBuildFile; fileRef = E96076E629D4BF3A006BBC8C /* SyncContactsView.swift */; };
/* End PBXBuildFile section */

/* Begin PBXFileReference section */
		E92C170829D5B46C004B12C0 /* OnboardingButtonStyle.swift */ = {isa = PBXFileReference; lastKnownFileType = sourcecode.swift; path = OnboardingButtonStyle.swift; sourceTree = "<group>"; };
		E92C170A29D5CB94004B12C0 /* CreateProfileTextfieldStyle.swift */ = {isa = PBXFileReference; lastKnownFileType = sourcecode.swift; path = CreateProfileTextfieldStyle.swift; sourceTree = "<group>"; };
		E96076A629D3EBB0006BBC8C /* Chat App.app */ = {isa = PBXFileReference; explicitFileType = wrapper.application; includeInIndex = 0; path = "Chat App.app"; sourceTree = BUILT_PRODUCTS_DIR; };
		E96076A929D3EBB0006BBC8C /* Chat_AppApp.swift */ = {isa = PBXFileReference; lastKnownFileType = sourcecode.swift; path = Chat_AppApp.swift; sourceTree = "<group>"; };
		E96076AB29D3EBB0006BBC8C /* RootView.swift */ = {isa = PBXFileReference; lastKnownFileType = sourcecode.swift; path = RootView.swift; sourceTree = "<group>"; };
		E96076AD29D3EBB1006BBC8C /* Assets.xcassets */ = {isa = PBXFileReference; lastKnownFileType = folder.assetcatalog; path = Assets.xcassets; sourceTree = "<group>"; };
		E96076B029D3EBB1006BBC8C /* Preview Assets.xcassets */ = {isa = PBXFileReference; lastKnownFileType = folder.assetcatalog; path = "Preview Assets.xcassets"; sourceTree = "<group>"; };
		E96076BD29D3F4F3006BBC8C /* LexendDeca-SemiBold.ttf */ = {isa = PBXFileReference; lastKnownFileType = file; path = "LexendDeca-SemiBold.ttf"; sourceTree = "<group>"; };
		E96076BE29D3F4F3006BBC8C /* LexendDeca-Regular.ttf */ = {isa = PBXFileReference; lastKnownFileType = file; path = "LexendDeca-Regular.ttf"; sourceTree = "<group>"; };
		E96076BF29D3F4F3006BBC8C /* LexendDeca-Bold.ttf */ = {isa = PBXFileReference; lastKnownFileType = file; path = "LexendDeca-Bold.ttf"; sourceTree = "<group>"; };
		E96076C329D3F55A006BBC8C /* Chat-App-Info.plist */ = {isa = PBXFileReference; lastKnownFileType = text.plist; path = "Chat-App-Info.plist"; sourceTree = SOURCE_ROOT; };
		E96076C429D3F835006BBC8C /* Fonts.swift */ = {isa = PBXFileReference; lastKnownFileType = sourcecode.swift; path = Fonts.swift; sourceTree = "<group>"; };
		E96076C729D3FDAB006BBC8C /* CustomTabBar.swift */ = {isa = PBXFileReference; lastKnownFileType = sourcecode.swift; path = CustomTabBar.swift; sourceTree = "<group>"; };
		E96076C929D4921A006BBC8C /* TabBarButton.swift */ = {isa = PBXFileReference; lastKnownFileType = sourcecode.swift; path = TabBarButton.swift; sourceTree = "<group>"; };
		E96076CB29D49680006BBC8C /* GoogleService-Info.plist */ = {isa = PBXFileReference; fileEncoding = 4; lastKnownFileType = text.plist.xml; path = "GoogleService-Info.plist"; sourceTree = "<group>"; };
		E96076D629D4992D006BBC8C /* AppDelegate.swift */ = {isa = PBXFileReference; lastKnownFileType = sourcecode.swift; path = AppDelegate.swift; sourceTree = "<group>"; };
		E96076D829D49DD9006BBC8C /* Chat App.entitlements */ = {isa = PBXFileReference; lastKnownFileType = text.plist.entitlements; path = "Chat App.entitlements"; sourceTree = "<group>"; };
		E96076D929D4A328006BBC8C /* AuthViewModel.swift */ = {isa = PBXFileReference; lastKnownFileType = sourcecode.swift; path = AuthViewModel.swift; sourceTree = "<group>"; };
		E96076DC29D4BB80006BBC8C /* OnboardingContainerView.swift */ = {isa = PBXFileReference; lastKnownFileType = sourcecode.swift; path = OnboardingContainerView.swift; sourceTree = "<group>"; };
		E96076DE29D4BE8F006BBC8C /* WelcomeView.swift */ = {isa = PBXFileReference; lastKnownFileType = sourcecode.swift; path = WelcomeView.swift; sourceTree = "<group>"; };
		E96076E029D4BE9D006BBC8C /* PhoneNumberView.swift */ = {isa = PBXFileReference; lastKnownFileType = sourcecode.swift; path = PhoneNumberView.swift; sourceTree = "<group>"; };
		E96076E229D4BED3006BBC8C /* VerificationView.swift */ = {isa = PBXFileReference; lastKnownFileType = sourcecode.swift; path = VerificationView.swift; sourceTree = "<group>"; };
		E96076E429D4BEE8006BBC8C /* CreateProfileView.swift */ = {isa = PBXFileReference; lastKnownFileType = sourcecode.swift; path = CreateProfileView.swift; sourceTree = "<group>"; };
		E96076E629D4BF3A006BBC8C /* SyncContactsView.swift */ = {isa = PBXFileReference; lastKnownFileType = sourcecode.swift; path = SyncContactsView.swift; sourceTree = "<group>"; };
/* End PBXFileReference section */

/* Begin PBXFrameworksBuildPhase section */
		E96076A329D3EBB0006BBC8C /* Frameworks */ = {
			isa = PBXFrameworksBuildPhase;
			buildActionMask = 2147483647;
			files = (
				E96076CF29D49816006BBC8C /* FirebaseAuth in Frameworks */,
				E96076D529D49816006BBC8C /* FirebaseStorage in Frameworks */,
				E96076D129D49816006BBC8C /* FirebaseFirestore in Frameworks */,
				E96076D329D49816006BBC8C /* FirebaseFirestoreSwift in Frameworks */,
			);
			runOnlyForDeploymentPostprocessing = 0;
		};
/* End PBXFrameworksBuildPhase section */

/* Begin PBXGroup section */
		E960769D29D3EBB0006BBC8C = {
			isa = PBXGroup;
			children = (
				E96076A829D3EBB0006BBC8C /* Chat App */,
				E96076A729D3EBB0006BBC8C /* Products */,
			);
			sourceTree = "<group>";
		};
		E96076A729D3EBB0006BBC8C /* Products */ = {
			isa = PBXGroup;
			children = (
				E96076A629D3EBB0006BBC8C /* Chat App.app */,
			);
			name = Products;
			sourceTree = "<group>";
		};
		E96076A829D3EBB0006BBC8C /* Chat App */ = {
			isa = PBXGroup;
			children = (
				E96076D829D49DD9006BBC8C /* Chat App.entitlements */,
				E96076C329D3F55A006BBC8C /* Chat-App-Info.plist */,
				E96076CB29D49680006BBC8C /* GoogleService-Info.plist */,
				E96076D629D4992D006BBC8C /* AppDelegate.swift */,
				E96076A929D3EBB0006BBC8C /* Chat_AppApp.swift */,
				E96076B729D3EBE5006BBC8C /* Views */,
				E96076B829D3EBFD006BBC8C /* ViewModels */,
				E96076B929D3EC2D006BBC8C /* Models */,
				E96076BA29D3EC39006BBC8C /* Services */,
				E96076BB29D3EC42006BBC8C /* Helpers */,
				E96076BC29D3EC4F006BBC8C /* Fonts */,
				E96076AD29D3EBB1006BBC8C /* Assets.xcassets */,
				E96076AF29D3EBB1006BBC8C /* Preview Content */,
			);
			path = "Chat App";
			sourceTree = "<group>";
		};
		E96076AF29D3EBB1006BBC8C /* Preview Content */ = {
			isa = PBXGroup;
			children = (
				E96076B029D3EBB1006BBC8C /* Preview Assets.xcassets */,
			);
			path = "Preview Content";
			sourceTree = "<group>";
		};
		E96076B729D3EBE5006BBC8C /* Views */ = {
			isa = PBXGroup;
			children = (
				E96076AB29D3EBB0006BBC8C /* RootView.swift */,
				E96076DB29D4BB37006BBC8C /* Onboarding */,
				E96076C629D3FD66006BBC8C /* Custom Tab Bar */,
			);
			path = Views;
			sourceTree = "<group>";
		};
		E96076B829D3EBFD006BBC8C /* ViewModels */ = {
			isa = PBXGroup;
			children = (
				E96076D929D4A328006BBC8C /* AuthViewModel.swift */,
			);
			path = ViewModels;
			sourceTree = "<group>";
		};
		E96076B929D3EC2D006BBC8C /* Models */ = {
			isa = PBXGroup;
			children = (
			);
			path = Models;
			sourceTree = "<group>";
		};
		E96076BA29D3EC39006BBC8C /* Services */ = {
			isa = PBXGroup;
			children = (
			);
			path = Services;
			sourceTree = "<group>";
		};
		E96076BB29D3EC42006BBC8C /* Helpers */ = {
			isa = PBXGroup;
			children = (
				E96076C429D3F835006BBC8C /* Fonts.swift */,
				E92C170829D5B46C004B12C0 /* OnboardingButtonStyle.swift */,
				E92C170A29D5CB94004B12C0 /* CreateProfileTextfieldStyle.swift */,
			);
			path = Helpers;
			sourceTree = "<group>";
		};
		E96076BC29D3EC4F006BBC8C /* Fonts */ = {
			isa = PBXGroup;
			children = (
				E96076BF29D3F4F3006BBC8C /* LexendDeca-Bold.ttf */,
				E96076BE29D3F4F3006BBC8C /* LexendDeca-Regular.ttf */,
				E96076BD29D3F4F3006BBC8C /* LexendDeca-SemiBold.ttf */,
			);
			path = Fonts;
			sourceTree = "<group>";
		};
		E96076C629D3FD66006BBC8C /* Custom Tab Bar */ = {
			isa = PBXGroup;
			children = (
				E96076C729D3FDAB006BBC8C /* CustomTabBar.swift */,
				E96076C929D4921A006BBC8C /* TabBarButton.swift */,
			);
			path = "Custom Tab Bar";
			sourceTree = "<group>";
		};
		E96076DB29D4BB37006BBC8C /* Onboarding */ = {
			isa = PBXGroup;
			children = (
				E96076DC29D4BB80006BBC8C /* OnboardingContainerView.swift */,
				E96076DE29D4BE8F006BBC8C /* WelcomeView.swift */,
				E96076E029D4BE9D006BBC8C /* PhoneNumberView.swift */,
				E96076E229D4BED3006BBC8C /* VerificationView.swift */,
				E96076E429D4BEE8006BBC8C /* CreateProfileView.swift */,
				E96076E629D4BF3A006BBC8C /* SyncContactsView.swift */,
			);
			path = Onboarding;
			sourceTree = "<group>";
		};
/* End PBXGroup section */

/* Begin PBXNativeTarget section */
		E96076A529D3EBB0006BBC8C /* Chat App */ = {
			isa = PBXNativeTarget;
			buildConfigurationList = E96076B429D3EBB1006BBC8C /* Build configuration list for PBXNativeTarget "Chat App" */;
			buildPhases = (
				E96076A229D3EBB0006BBC8C /* Sources */,
				E96076A329D3EBB0006BBC8C /* Frameworks */,
				E96076A429D3EBB0006BBC8C /* Resources */,
			);
			buildRules = (
			);
			dependencies = (
			);
			name = "Chat App";
			packageProductDependencies = (
				E96076CE29D49816006BBC8C /* FirebaseAuth */,
				E96076D029D49816006BBC8C /* FirebaseFirestore */,
				E96076D229D49816006BBC8C /* FirebaseFirestoreSwift */,
				E96076D429D49816006BBC8C /* FirebaseStorage */,
			);
			productName = "Chat App";
			productReference = E96076A629D3EBB0006BBC8C /* Chat App.app */;
			productType = "com.apple.product-type.application";
		};
/* End PBXNativeTarget section */

/* Begin PBXProject section */
		E960769E29D3EBB0006BBC8C /* Project object */ = {
			isa = PBXProject;
			attributes = {
				BuildIndependentTargetsInParallel = 1;
				LastSwiftUpdateCheck = 1420;
				LastUpgradeCheck = 1420;
				TargetAttributes = {
					E96076A529D3EBB0006BBC8C = {
						CreatedOnToolsVersion = 14.2;
					};
				};
			};
			buildConfigurationList = E96076A129D3EBB0006BBC8C /* Build configuration list for PBXProject "Chat App" */;
			compatibilityVersion = "Xcode 14.0";
			developmentRegion = en;
			hasScannedForEncodings = 0;
			knownRegions = (
				en,
				Base,
			);
			mainGroup = E960769D29D3EBB0006BBC8C;
			packageReferences = (
				E96076CD29D49816006BBC8C /* XCRemoteSwiftPackageReference "firebase-ios-sdk" */,
			);
			productRefGroup = E96076A729D3EBB0006BBC8C /* Products */;
			projectDirPath = "";
			projectRoot = "";
			targets = (
				E96076A529D3EBB0006BBC8C /* Chat App */,
			);
		};
/* End PBXProject section */

/* Begin PBXResourcesBuildPhase section */
		E96076A429D3EBB0006BBC8C /* Resources */ = {
			isa = PBXResourcesBuildPhase;
			buildActionMask = 2147483647;
			files = (
				E96076B129D3EBB1006BBC8C /* Preview Assets.xcassets in Resources */,
				E96076C229D3F4F3006BBC8C /* LexendDeca-Bold.ttf in Resources */,
				E96076AE29D3EBB1006BBC8C /* Assets.xcassets in Resources */,
				E96076C129D3F4F3006BBC8C /* LexendDeca-Regular.ttf in Resources */,
				E96076C029D3F4F3006BBC8C /* LexendDeca-SemiBold.ttf in Resources */,
				E96076CC29D49680006BBC8C /* GoogleService-Info.plist in Resources */,
			);
			runOnlyForDeploymentPostprocessing = 0;
		};
/* End PBXResourcesBuildPhase section */

/* Begin PBXSourcesBuildPhase section */
		E96076A229D3EBB0006BBC8C /* Sources */ = {
			isa = PBXSourcesBuildPhase;
			buildActionMask = 2147483647;
			files = (
				E92C170B29D5CB94004B12C0 /* CreateProfileTextfieldStyle.swift in Sources */,
				E96076E729D4BF3A006BBC8C /* SyncContactsView.swift in Sources */,
				E96076D729D4992D006BBC8C /* AppDelegate.swift in Sources */,
				E96076DD29D4BB80006BBC8C /* OnboardingContainerView.swift in Sources */,
				E96076C829D3FDAB006BBC8C /* CustomTabBar.swift in Sources */,
				E92C170929D5B46C004B12C0 /* OnboardingButtonStyle.swift in Sources */,
				E96076AC29D3EBB0006BBC8C /* RootView.swift in Sources */,
				E96076DF29D4BE8F006BBC8C /* WelcomeView.swift in Sources */,
				E96076DA29D4A328006BBC8C /* AuthViewModel.swift in Sources */,
				E96076E529D4BEE8006BBC8C /* CreateProfileView.swift in Sources */,
				E96076E129D4BE9D006BBC8C /* PhoneNumberView.swift in Sources */,
				E96076C529D3F835006BBC8C /* Fonts.swift in Sources */,
				E96076E329D4BED3006BBC8C /* VerificationView.swift in Sources */,
				E96076CA29D4921A006BBC8C /* TabBarButton.swift in Sources */,
				E96076AA29D3EBB0006BBC8C /* Chat_AppApp.swift in Sources */,
			);
			runOnlyForDeploymentPostprocessing = 0;
		};
/* End PBXSourcesBuildPhase section */

/* Begin XCBuildConfiguration section */
		E96076B229D3EBB1006BBC8C /* Debug */ = {
			isa = XCBuildConfiguration;
			buildSettings = {
				ALWAYS_SEARCH_USER_PATHS = NO;
				CLANG_ANALYZER_NONNULL = YES;
				CLANG_ANALYZER_NUMBER_OBJECT_CONVERSION = YES_AGGRESSIVE;
				CLANG_CXX_LANGUAGE_STANDARD = "gnu++20";
				CLANG_ENABLE_MODULES = YES;
				CLANG_ENABLE_OBJC_ARC = YES;
				CLANG_ENABLE_OBJC_WEAK = YES;
				CLANG_WARN_BLOCK_CAPTURE_AUTORELEASING = YES;
				CLANG_WARN_BOOL_CONVERSION = YES;
				CLANG_WARN_COMMA = YES;
				CLANG_WARN_CONSTANT_CONVERSION = YES;
				CLANG_WARN_DEPRECATED_OBJC_IMPLEMENTATIONS = YES;
				CLANG_WARN_DIRECT_OBJC_ISA_USAGE = YES_ERROR;
				CLANG_WARN_DOCUMENTATION_COMMENTS = YES;
				CLANG_WARN_EMPTY_BODY = YES;
				CLANG_WARN_ENUM_CONVERSION = YES;
				CLANG_WARN_INFINITE_RECURSION = YES;
				CLANG_WARN_INT_CONVERSION = YES;
				CLANG_WARN_NON_LITERAL_NULL_CONVERSION = YES;
				CLANG_WARN_OBJC_IMPLICIT_RETAIN_SELF = YES;
				CLANG_WARN_OBJC_LITERAL_CONVERSION = YES;
				CLANG_WARN_OBJC_ROOT_CLASS = YES_ERROR;
				CLANG_WARN_QUOTED_INCLUDE_IN_FRAMEWORK_HEADER = YES;
				CLANG_WARN_RANGE_LOOP_ANALYSIS = YES;
				CLANG_WARN_STRICT_PROTOTYPES = YES;
				CLANG_WARN_SUSPICIOUS_MOVE = YES;
				CLANG_WARN_UNGUARDED_AVAILABILITY = YES_AGGRESSIVE;
				CLANG_WARN_UNREACHABLE_CODE = YES;
				CLANG_WARN__DUPLICATE_METHOD_MATCH = YES;
				COPY_PHASE_STRIP = NO;
				DEBUG_INFORMATION_FORMAT = dwarf;
				ENABLE_STRICT_OBJC_MSGSEND = YES;
				ENABLE_TESTABILITY = YES;
				GCC_C_LANGUAGE_STANDARD = gnu11;
				GCC_DYNAMIC_NO_PIC = NO;
				GCC_NO_COMMON_BLOCKS = YES;
				GCC_OPTIMIZATION_LEVEL = 0;
				GCC_PREPROCESSOR_DEFINITIONS = (
					"DEBUG=1",
					"$(inherited)",
				);
				GCC_WARN_64_TO_32_BIT_CONVERSION = YES;
				GCC_WARN_ABOUT_RETURN_TYPE = YES_ERROR;
				GCC_WARN_UNDECLARED_SELECTOR = YES;
				GCC_WARN_UNINITIALIZED_AUTOS = YES_AGGRESSIVE;
				GCC_WARN_UNUSED_FUNCTION = YES;
				GCC_WARN_UNUSED_VARIABLE = YES;
				IPHONEOS_DEPLOYMENT_TARGET = 16.2;
				MTL_ENABLE_DEBUG_INFO = INCLUDE_SOURCE;
				MTL_FAST_MATH = YES;
				ONLY_ACTIVE_ARCH = YES;
				SDKROOT = iphoneos;
				SWIFT_ACTIVE_COMPILATION_CONDITIONS = DEBUG;
				SWIFT_OPTIMIZATION_LEVEL = "-Onone";
			};
			name = Debug;
		};
		E96076B329D3EBB1006BBC8C /* Release */ = {
			isa = XCBuildConfiguration;
			buildSettings = {
				ALWAYS_SEARCH_USER_PATHS = NO;
				CLANG_ANALYZER_NONNULL = YES;
				CLANG_ANALYZER_NUMBER_OBJECT_CONVERSION = YES_AGGRESSIVE;
				CLANG_CXX_LANGUAGE_STANDARD = "gnu++20";
				CLANG_ENABLE_MODULES = YES;
				CLANG_ENABLE_OBJC_ARC = YES;
				CLANG_ENABLE_OBJC_WEAK = YES;
				CLANG_WARN_BLOCK_CAPTURE_AUTORELEASING = YES;
				CLANG_WARN_BOOL_CONVERSION = YES;
				CLANG_WARN_COMMA = YES;
				CLANG_WARN_CONSTANT_CONVERSION = YES;
				CLANG_WARN_DEPRECATED_OBJC_IMPLEMENTATIONS = YES;
				CLANG_WARN_DIRECT_OBJC_ISA_USAGE = YES_ERROR;
				CLANG_WARN_DOCUMENTATION_COMMENTS = YES;
				CLANG_WARN_EMPTY_BODY = YES;
				CLANG_WARN_ENUM_CONVERSION = YES;
				CLANG_WARN_INFINITE_RECURSION = YES;
				CLANG_WARN_INT_CONVERSION = YES;
				CLANG_WARN_NON_LITERAL_NULL_CONVERSION = YES;
				CLANG_WARN_OBJC_IMPLICIT_RETAIN_SELF = YES;
				CLANG_WARN_OBJC_LITERAL_CONVERSION = YES;
				CLANG_WARN_OBJC_ROOT_CLASS = YES_ERROR;
				CLANG_WARN_QUOTED_INCLUDE_IN_FRAMEWORK_HEADER = YES;
				CLANG_WARN_RANGE_LOOP_ANALYSIS = YES;
				CLANG_WARN_STRICT_PROTOTYPES = YES;
				CLANG_WARN_SUSPICIOUS_MOVE = YES;
				CLANG_WARN_UNGUARDED_AVAILABILITY = YES_AGGRESSIVE;
				CLANG_WARN_UNREACHABLE_CODE = YES;
				CLANG_WARN__DUPLICATE_METHOD_MATCH = YES;
				COPY_PHASE_STRIP = NO;
				DEBUG_INFORMATION_FORMAT = "dwarf-with-dsym";
				ENABLE_NS_ASSERTIONS = NO;
				ENABLE_STRICT_OBJC_MSGSEND = YES;
				GCC_C_LANGUAGE_STANDARD = gnu11;
				GCC_NO_COMMON_BLOCKS = YES;
				GCC_WARN_64_TO_32_BIT_CONVERSION = YES;
				GCC_WARN_ABOUT_RETURN_TYPE = YES_ERROR;
				GCC_WARN_UNDECLARED_SELECTOR = YES;
				GCC_WARN_UNINITIALIZED_AUTOS = YES_AGGRESSIVE;
				GCC_WARN_UNUSED_FUNCTION = YES;
				GCC_WARN_UNUSED_VARIABLE = YES;
				IPHONEOS_DEPLOYMENT_TARGET = 16.2;
				MTL_ENABLE_DEBUG_INFO = NO;
				MTL_FAST_MATH = YES;
				SDKROOT = iphoneos;
				SWIFT_COMPILATION_MODE = wholemodule;
				SWIFT_OPTIMIZATION_LEVEL = "-O";
				VALIDATE_PRODUCT = YES;
			};
			name = Release;
		};
		E96076B529D3EBB1006BBC8C /* Debug */ = {
			isa = XCBuildConfiguration;
			buildSettings = {
				ASSETCATALOG_COMPILER_APPICON_NAME = AppIcon;
				ASSETCATALOG_COMPILER_GLOBAL_ACCENT_COLOR_NAME = AccentColor;
				CODE_SIGN_ENTITLEMENTS = "Chat App/Chat App.entitlements";
				CODE_SIGN_STYLE = Automatic;
				CURRENT_PROJECT_VERSION = 1;
				DEVELOPMENT_ASSET_PATHS = "\"Chat App/Preview Content\"";
				DEVELOPMENT_TEAM = 8UG4K358CZ;
				ENABLE_PREVIEWS = YES;
				GENERATE_INFOPLIST_FILE = YES;
				INFOPLIST_FILE = "Chat-App-Info.plist";
				INFOPLIST_KEY_UIApplicationSceneManifest_Generation = YES;
				INFOPLIST_KEY_UIApplicationSupportsIndirectInputEvents = YES;
				INFOPLIST_KEY_UILaunchScreen_Generation = YES;
				INFOPLIST_KEY_UISupportedInterfaceOrientations_iPad = "UIInterfaceOrientationPortrait UIInterfaceOrientationPortraitUpsideDown UIInterfaceOrientationLandscapeLeft UIInterfaceOrientationLandscapeRight";
				INFOPLIST_KEY_UISupportedInterfaceOrientations_iPhone = "UIInterfaceOrientationPortrait UIInterfaceOrientationLandscapeLeft UIInterfaceOrientationLandscapeRight";
				LD_RUNPATH_SEARCH_PATHS = (
					"$(inherited)",
					"@executable_path/Frameworks",
				);
				MARKETING_VERSION = 1.0;
				PRODUCT_BUNDLE_IDENTIFIER = "com.arsh.Chat-App";
				PRODUCT_NAME = "$(TARGET_NAME)";
				SWIFT_EMIT_LOC_STRINGS = YES;
				SWIFT_VERSION = 5.0;
				TARGETED_DEVICE_FAMILY = "1,2";
			};
			name = Debug;
		};
		E96076B629D3EBB1006BBC8C /* Release */ = {
			isa = XCBuildConfiguration;
			buildSettings = {
				ASSETCATALOG_COMPILER_APPICON_NAME = AppIcon;
				ASSETCATALOG_COMPILER_GLOBAL_ACCENT_COLOR_NAME = AccentColor;
				CODE_SIGN_ENTITLEMENTS = "Chat App/Chat App.entitlements";
				CODE_SIGN_STYLE = Automatic;
				CURRENT_PROJECT_VERSION = 1;
				DEVELOPMENT_ASSET_PATHS = "\"Chat App/Preview Content\"";
				DEVELOPMENT_TEAM = 8UG4K358CZ;
				ENABLE_PREVIEWS = YES;
				GENERATE_INFOPLIST_FILE = YES;
				INFOPLIST_FILE = "Chat-App-Info.plist";
				INFOPLIST_KEY_UIApplicationSceneManifest_Generation = YES;
				INFOPLIST_KEY_UIApplicationSupportsIndirectInputEvents = YES;
				INFOPLIST_KEY_UILaunchScreen_Generation = YES;
				INFOPLIST_KEY_UISupportedInterfaceOrientations_iPad = "UIInterfaceOrientationPortrait UIInterfaceOrientationPortraitUpsideDown UIInterfaceOrientationLandscapeLeft UIInterfaceOrientationLandscapeRight";
				INFOPLIST_KEY_UISupportedInterfaceOrientations_iPhone = "UIInterfaceOrientationPortrait UIInterfaceOrientationLandscapeLeft UIInterfaceOrientationLandscapeRight";
				LD_RUNPATH_SEARCH_PATHS = (
					"$(inherited)",
					"@executable_path/Frameworks",
				);
				MARKETING_VERSION = 1.0;
				PRODUCT_BUNDLE_IDENTIFIER = "com.arsh.Chat-App";
				PRODUCT_NAME = "$(TARGET_NAME)";
				SWIFT_EMIT_LOC_STRINGS = YES;
				SWIFT_VERSION = 5.0;
				TARGETED_DEVICE_FAMILY = "1,2";
			};
			name = Release;
		};
/* End XCBuildConfiguration section */

/* Begin XCConfigurationList section */
		E96076A129D3EBB0006BBC8C /* Build configuration list for PBXProject "Chat App" */ = {
			isa = XCConfigurationList;
			buildConfigurations = (
				E96076B229D3EBB1006BBC8C /* Debug */,
				E96076B329D3EBB1006BBC8C /* Release */,
			);
			defaultConfigurationIsVisible = 0;
			defaultConfigurationName = Release;
		};
		E96076B429D3EBB1006BBC8C /* Build configuration list for PBXNativeTarget "Chat App" */ = {
			isa = XCConfigurationList;
			buildConfigurations = (
				E96076B529D3EBB1006BBC8C /* Debug */,
				E96076B629D3EBB1006BBC8C /* Release */,
			);
			defaultConfigurationIsVisible = 0;
			defaultConfigurationName = Release;
		};
/* End XCConfigurationList section */

/* Begin XCRemoteSwiftPackageReference section */
		E96076CD29D49816006BBC8C /* XCRemoteSwiftPackageReference "firebase-ios-sdk" */ = {
			isa = XCRemoteSwiftPackageReference;
			repositoryURL = "https://github.com/firebase/firebase-ios-sdk";
			requirement = {
				kind = upToNextMajorVersion;
				minimumVersion = 9.0.0;
			};
		};
/* End XCRemoteSwiftPackageReference section */

/* Begin XCSwiftPackageProductDependency section */
		E96076CE29D49816006BBC8C /* FirebaseAuth */ = {
			isa = XCSwiftPackageProductDependency;
			package = E96076CD29D49816006BBC8C /* XCRemoteSwiftPackageReference "firebase-ios-sdk" */;
			productName = FirebaseAuth;
		};
		E96076D029D49816006BBC8C /* FirebaseFirestore */ = {
			isa = XCSwiftPackageProductDependency;
			package = E96076CD29D49816006BBC8C /* XCRemoteSwiftPackageReference "firebase-ios-sdk" */;
			productName = FirebaseFirestore;
		};
		E96076D229D49816006BBC8C /* FirebaseFirestoreSwift */ = {
			isa = XCSwiftPackageProductDependency;
			package = E96076CD29D49816006BBC8C /* XCRemoteSwiftPackageReference "firebase-ios-sdk" */;
			productName = FirebaseFirestoreSwift;
		};
		E96076D429D49816006BBC8C /* FirebaseStorage */ = {
			isa = XCSwiftPackageProductDependency;
			package = E96076CD29D49816006BBC8C /* XCRemoteSwiftPackageReference "firebase-ios-sdk" */;
			productName = FirebaseStorage;
		};
/* End XCSwiftPackageProductDependency section */
	};
	rootObject = E960769E29D3EBB0006BBC8C /* Project object */;
}
